
Microsoft Visual Studio Solution File, Format Version 12.00
# Visual Studio Version 17
VisualStudioVersion = 17.11.35222.181
MinimumVisualStudioVersion = 10.0.40219.1
Project("{FAE04EC0-301F-11D3-BF4B-00C04F79EFBC}") = "PJ_JLIGN", "PJ_JLIGN\PJ_JLIGN.csproj", "{49789D72-52BA-4A8C-923D-E4762AF7BDC5}"
EndProject
Global
	GlobalSection(SolutionConfigurationPlatforms) = preSolution
		Debug|Any CPU = Debug|Any CPU
		Release|Any CPU = Release|Any CPU
	EndGlobalSection
	GlobalSection(ProjectConfigurationPlatforms) = postSolution
		{49789D72-52BA-4A8C-923D-E4762AF7BDC5}.Debug|Any CPU.ActiveCfg = Debug|Any CPU
		{49789D72-52BA-4A8C-923D-E4762AF7BDC5}.Debug|Any CPU.Build.0 = Debug|Any CPU
		{49789D72-52BA-4A8C-923D-E4762AF7BDC5}.Release|Any CPU.ActiveCfg = Release|Any CPU
		{49789D72-52BA-4A8C-923D-E4762AF7BDC5}.Release|Any CPU.Build.0 = Release|Any CPU
	EndGlobalSection
	GlobalSection(SolutionProperties) = preSolution
		HideSolutionNode = FALSE
	EndGlobalSection
	GlobalSection(ExtensibilityGlobals) = postSolution
		SolutionGuid = {34900573-7FD7-4696-BCFC-F7B1FF2146EF}
	EndGlobalSection
EndGlobal
